
Microsoft Visual Studio Solution File, Format Version 12.00
# Visual Studio Version 17
VisualStudioVersion = 17.0.31903.59
MinimumVisualStudioVersion = 10.0.40219.1
Project("{FAE04EC0-301F-11D3-BF4B-00C04F79EFBC}") = "Exercise01", "Exercise01\Exercise01.csproj", "{12EA7605-95BB-48C7-A082-A320AE62E4D7}"
EndProject
Project("{FAE04EC0-301F-11D3-BF4B-00C04F79EFBC}") = "Exercise02", "Exercise02\Exercise02.csproj", "{82FBA0FD-BD93-457F-B184-83AC90598264}"
EndProject
Project("{FAE04EC0-301F-11D3-BF4B-00C04F79EFBC}") = "Exercise03", "Exercise03\Exercise03.csproj", "{2C230648-1847-4C7F-A162-50286B7D8284}"
EndProject
Project("{FAE04EC0-301F-11D3-BF4B-00C04F79EFBC}") = "Exercise04", "Exercise04\Exercise04.csproj", "{92D8933E-46B0-4C4C-BF42-6BF589EC71CB}"
EndProject
Project("{FAE04EC0-301F-11D3-BF4B-00C04F79EFBC}") = "Exercise05", "Exercise05\Exercise05.csproj", "{AB680775-DCD0-410B-B544-4CC6672822BD}"
EndProject
Project("{FAE04EC0-301F-11D3-BF4B-00C04F79EFBC}") = "Exercise06", "Exercise06\Exercise06.csproj", "{E449186F-55F7-4B88-99E4-D9E8B264CA1F}"
EndProject
Project("{FAE04EC0-301F-11D3-BF4B-00C04F79EFBC}") = "Exercise07", "Exercise07\Exercise07.csproj", "{B0D7D611-7D50-474C-8620-0C3520B2A962}"
EndProject
Project("{FAE04EC0-301F-11D3-BF4B-00C04F79EFBC}") = "Exercise08", "Exercise08\Exercise08.csproj", "{E5601976-C049-4E74-A537-0D25FB94E642}"
EndProject
Project("{FAE04EC0-301F-11D3-BF4B-00C04F79EFBC}") = "Exercise09", "Exercise09\Exercise09.csproj", "{CF3DB0FE-902C-440C-B69F-0DEE4E0B8512}"
EndProject
Project("{FAE04EC0-301F-11D3-BF4B-00C04F79EFBC}") = "Exercise10", "Exercise10\Exercise10.csproj", "{329AD3B1-8057-4E44-B598-2370817493F6}"
EndProject
Project("{FAE04EC0-301F-11D3-BF4B-00C04F79EFBC}") = "Exercise11", "Exercise11\Exercise11.csproj", "{846D08C5-5936-49FB-80A8-2A58E5F3A94B}"
EndProject
Project("{FAE04EC0-301F-11D3-BF4B-00C04F79EFBC}") = "Exercise12", "Exercise12\Exercise12.csproj", "{EAC23B2A-2DCD-45A3-80F2-83B4E8D73988}"
EndProject
Project("{FAE04EC0-301F-11D3-BF4B-00C04F79EFBC}") = "Exercise13", "Exercise13\Exercise13.csproj", "{172C433A-AFDC-4ACF-9237-8ADF6826CD6E}"
EndProject
Project("{FAE04EC0-301F-11D3-BF4B-00C04F79EFBC}") = "Exercise14", "Exercise14\Exercise14.csproj", "{008B1E28-392C-41CF-853B-CFC592133A13}"
EndProject
Project("{FAE04EC0-301F-11D3-BF4B-00C04F79EFBC}") = "Exercise15", "Exercise15\Exercise15.csproj", "{C334A690-8559-4858-BC96-B649D428FFA2}"
EndProject
Project("{FAE04EC0-301F-11D3-BF4B-00C04F79EFBC}") = "Exercise16", "Exercise16\Exercise16.csproj", "{24E57E17-4177-4BEC-BFB2-6D2939C4B14C}"
EndProject
Project("{FAE04EC0-301F-11D3-BF4B-00C04F79EFBC}") = "Exercise17", "Exercise17\Exercise17.csproj", "{6C15A08C-22F8-4409-B6F4-C5CDAB2ABA2E}"
EndProject
Project("{FAE04EC0-301F-11D3-BF4B-00C04F79EFBC}") = "Exercise18", "Exercise18\Exercise18.csproj", "{683CF70D-B718-49DF-B841-0A486FB1BE2D}"
EndProject
Project("{FAE04EC0-301F-11D3-BF4B-00C04F79EFBC}") = "Exercise19", "Exercise19\Exercise19.csproj", "{4B11EF7D-D3D0-40AA-9209-F73D911B6955}"
EndProject
Project("{FAE04EC0-301F-11D3-BF4B-00C04F79EFBC}") = "Exercise20", "Exercise20\Exercise20.csproj", "{EA4FBF8D-903C-417B-9E3B-A120D369EFB4}"
EndProject
Project("{FAE04EC0-301F-11D3-BF4B-00C04F79EFBC}") = "Exercise21", "Exercise21\Exercise21.csproj", "{F1BBDF3B-60E6-4EAC-8FA2-3EE0AEEAF726}"
EndProject
Project("{FAE04EC0-301F-11D3-BF4B-00C04F79EFBC}") = "Exercise22", "Exercise22\Exercise22.csproj", "{FFFAE21F-3C81-48A7-9ADE-A6511139851D}"
EndProject
Project("{FAE04EC0-301F-11D3-BF4B-00C04F79EFBC}") = "Exercise23", "Exercise23\Exercise23.csproj", "{1CFE70CC-F592-4539-878D-F4A900E35D82}"
EndProject
Project("{FAE04EC0-301F-11D3-BF4B-00C04F79EFBC}") = "Exercise24", "Exercise24\Exercise24.csproj", "{68C6F1D1-0809-44A5-8AF4-3B26B6B01FC5}"
EndProject
Project("{FAE04EC0-301F-11D3-BF4B-00C04F79EFBC}") = "Exercise25", "Exercise25\Exercise25.csproj", "{8937C549-021C-461F-AB72-2006FFFF45AB}"
EndProject
Project("{FAE04EC0-301F-11D3-BF4B-00C04F79EFBC}") = "Exercise26", "Exercise26\Exercise26.csproj", "{47FBEF91-A0A4-40DB-9091-F4ED0D07DE2C}"
EndProject
Global
	GlobalSection(SolutionConfigurationPlatforms) = preSolution
		Debug|Any CPU = Debug|Any CPU
		Release|Any CPU = Release|Any CPU
	EndGlobalSection
	GlobalSection(SolutionProperties) = preSolution
		HideSolutionNode = FALSE
	EndGlobalSection
	GlobalSection(ProjectConfigurationPlatforms) = postSolution
		{12EA7605-95BB-48C7-A082-A320AE62E4D7}.Debug|Any CPU.ActiveCfg = Debug|Any CPU
		{12EA7605-95BB-48C7-A082-A320AE62E4D7}.Debug|Any CPU.Build.0 = Debug|Any CPU
		{12EA7605-95BB-48C7-A082-A320AE62E4D7}.Release|Any CPU.ActiveCfg = Release|Any CPU
		{12EA7605-95BB-48C7-A082-A320AE62E4D7}.Release|Any CPU.Build.0 = Release|Any CPU
		{82FBA0FD-BD93-457F-B184-83AC90598264}.Debug|Any CPU.ActiveCfg = Debug|Any CPU
		{82FBA0FD-BD93-457F-B184-83AC90598264}.Debug|Any CPU.Build.0 = Debug|Any CPU
		{82FBA0FD-BD93-457F-B184-83AC90598264}.Release|Any CPU.ActiveCfg = Release|Any CPU
		{82FBA0FD-BD93-457F-B184-83AC90598264}.Release|Any CPU.Build.0 = Release|Any CPU
		{2C230648-1847-4C7F-A162-50286B7D8284}.Debug|Any CPU.ActiveCfg = Debug|Any CPU
		{2C230648-1847-4C7F-A162-50286B7D8284}.Debug|Any CPU.Build.0 = Debug|Any CPU
		{2C230648-1847-4C7F-A162-50286B7D8284}.Release|Any CPU.ActiveCfg = Release|Any CPU
		{2C230648-1847-4C7F-A162-50286B7D8284}.Release|Any CPU.Build.0 = Release|Any CPU
		{92D8933E-46B0-4C4C-BF42-6BF589EC71CB}.Debug|Any CPU.ActiveCfg = Debug|Any CPU
		{92D8933E-46B0-4C4C-BF42-6BF589EC71CB}.Debug|Any CPU.Build.0 = Debug|Any CPU
		{92D8933E-46B0-4C4C-BF42-6BF589EC71CB}.Release|Any CPU.ActiveCfg = Release|Any CPU
		{92D8933E-46B0-4C4C-BF42-6BF589EC71CB}.Release|Any CPU.Build.0 = Release|Any CPU
		{AB680775-DCD0-410B-B544-4CC6672822BD}.Debug|Any CPU.ActiveCfg = Debug|Any CPU
		{AB680775-DCD0-410B-B544-4CC6672822BD}.Debug|Any CPU.Build.0 = Debug|Any CPU
		{AB680775-DCD0-410B-B544-4CC6672822BD}.Release|Any CPU.ActiveCfg = Release|Any CPU
		{AB680775-DCD0-410B-B544-4CC6672822BD}.Release|Any CPU.Build.0 = Release|Any CPU
		{E449186F-55F7-4B88-99E4-D9E8B264CA1F}.Debug|Any CPU.ActiveCfg = Debug|Any CPU
		{E449186F-55F7-4B88-99E4-D9E8B264CA1F}.Debug|Any CPU.Build.0 = Debug|Any CPU
		{E449186F-55F7-4B88-99E4-D9E8B264CA1F}.Release|Any CPU.ActiveCfg = Release|Any CPU
		{E449186F-55F7-4B88-99E4-D9E8B264CA1F}.Release|Any CPU.Build.0 = Release|Any CPU
		{B0D7D611-7D50-474C-8620-0C3520B2A962}.Debug|Any CPU.ActiveCfg = Debug|Any CPU
		{B0D7D611-7D50-474C-8620-0C3520B2A962}.Debug|Any CPU.Build.0 = Debug|Any CPU
		{B0D7D611-7D50-474C-8620-0C3520B2A962}.Release|Any CPU.ActiveCfg = Release|Any CPU
		{B0D7D611-7D50-474C-8620-0C3520B2A962}.Release|Any CPU.Build.0 = Release|Any CPU
		{E5601976-C049-4E74-A537-0D25FB94E642}.Debug|Any CPU.ActiveCfg = Debug|Any CPU
		{E5601976-C049-4E74-A537-0D25FB94E642}.Debug|Any CPU.Build.0 = Debug|Any CPU
		{E5601976-C049-4E74-A537-0D25FB94E642}.Release|Any CPU.ActiveCfg = Release|Any CPU
		{E5601976-C049-4E74-A537-0D25FB94E642}.Release|Any CPU.Build.0 = Release|Any CPU
		{CF3DB0FE-902C-440C-B69F-0DEE4E0B8512}.Debug|Any CPU.ActiveCfg = Debug|Any CPU
		{CF3DB0FE-902C-440C-B69F-0DEE4E0B8512}.Debug|Any CPU.Build.0 = Debug|Any CPU
		{CF3DB0FE-902C-440C-B69F-0DEE4E0B8512}.Release|Any CPU.ActiveCfg = Release|Any CPU
		{CF3DB0FE-902C-440C-B69F-0DEE4E0B8512}.Release|Any CPU.Build.0 = Release|Any CPU
		{329AD3B1-8057-4E44-B598-2370817493F6}.Debug|Any CPU.ActiveCfg = Debug|Any CPU
		{329AD3B1-8057-4E44-B598-2370817493F6}.Debug|Any CPU.Build.0 = Debug|Any CPU
		{329AD3B1-8057-4E44-B598-2370817493F6}.Release|Any CPU.ActiveCfg = Release|Any CPU
		{329AD3B1-8057-4E44-B598-2370817493F6}.Release|Any CPU.Build.0 = Release|Any CPU
		{846D08C5-5936-49FB-80A8-2A58E5F3A94B}.Debug|Any CPU.ActiveCfg = Debug|Any CPU
		{846D08C5-5936-49FB-80A8-2A58E5F3A94B}.Debug|Any CPU.Build.0 = Debug|Any CPU
		{846D08C5-5936-49FB-80A8-2A58E5F3A94B}.Release|Any CPU.ActiveCfg = Release|Any CPU
		{846D08C5-5936-49FB-80A8-2A58E5F3A94B}.Release|Any CPU.Build.0 = Release|Any CPU
		{EAC23B2A-2DCD-45A3-80F2-83B4E8D73988}.Debug|Any CPU.ActiveCfg = Debug|Any CPU
		{EAC23B2A-2DCD-45A3-80F2-83B4E8D73988}.Debug|Any CPU.Build.0 = Debug|Any CPU
		{EAC23B2A-2DCD-45A3-80F2-83B4E8D73988}.Release|Any CPU.ActiveCfg = Release|Any CPU
		{EAC23B2A-2DCD-45A3-80F2-83B4E8D73988}.Release|Any CPU.Build.0 = Release|Any CPU
		{172C433A-AFDC-4ACF-9237-8ADF6826CD6E}.Debug|Any CPU.ActiveCfg = Debug|Any CPU
		{172C433A-AFDC-4ACF-9237-8ADF6826CD6E}.Debug|Any CPU.Build.0 = Debug|Any CPU
		{172C433A-AFDC-4ACF-9237-8ADF6826CD6E}.Release|Any CPU.ActiveCfg = Release|Any CPU
		{172C433A-AFDC-4ACF-9237-8ADF6826CD6E}.Release|Any CPU.Build.0 = Release|Any CPU
		{008B1E28-392C-41CF-853B-CFC592133A13}.Debug|Any CPU.ActiveCfg = Debug|Any CPU
		{008B1E28-392C-41CF-853B-CFC592133A13}.Debug|Any CPU.Build.0 = Debug|Any CPU
		{008B1E28-392C-41CF-853B-CFC592133A13}.Release|Any CPU.ActiveCfg = Release|Any CPU
		{008B1E28-392C-41CF-853B-CFC592133A13}.Release|Any CPU.Build.0 = Release|Any CPU
		{C334A690-8559-4858-BC96-B649D428FFA2}.Debug|Any CPU.ActiveCfg = Debug|Any CPU
		{C334A690-8559-4858-BC96-B649D428FFA2}.Debug|Any CPU.Build.0 = Debug|Any CPU
		{C334A690-8559-4858-BC96-B649D428FFA2}.Release|Any CPU.ActiveCfg = Release|Any CPU
		{C334A690-8559-4858-BC96-B649D428FFA2}.Release|Any CPU.Build.0 = Release|Any CPU
		{24E57E17-4177-4BEC-BFB2-6D2939C4B14C}.Debug|Any CPU.ActiveCfg = Debug|Any CPU
		{24E57E17-4177-4BEC-BFB2-6D2939C4B14C}.Debug|Any CPU.Build.0 = Debug|Any CPU
		{24E57E17-4177-4BEC-BFB2-6D2939C4B14C}.Release|Any CPU.ActiveCfg = Release|Any CPU
		{24E57E17-4177-4BEC-BFB2-6D2939C4B14C}.Release|Any CPU.Build.0 = Release|Any CPU
		{6C15A08C-22F8-4409-B6F4-C5CDAB2ABA2E}.Debug|Any CPU.ActiveCfg = Debug|Any CPU
		{6C15A08C-22F8-4409-B6F4-C5CDAB2ABA2E}.Debug|Any CPU.Build.0 = Debug|Any CPU
		{6C15A08C-22F8-4409-B6F4-C5CDAB2ABA2E}.Release|Any CPU.ActiveCfg = Release|Any CPU
		{6C15A08C-22F8-4409-B6F4-C5CDAB2ABA2E}.Release|Any CPU.Build.0 = Release|Any CPU
		{683CF70D-B718-49DF-B841-0A486FB1BE2D}.Debug|Any CPU.ActiveCfg = Debug|Any CPU
		{683CF70D-B718-49DF-B841-0A486FB1BE2D}.Debug|Any CPU.Build.0 = Debug|Any CPU
		{683CF70D-B718-49DF-B841-0A486FB1BE2D}.Release|Any CPU.ActiveCfg = Release|Any CPU
		{683CF70D-B718-49DF-B841-0A486FB1BE2D}.Release|Any CPU.Build.0 = Release|Any CPU
		{4B11EF7D-D3D0-40AA-9209-F73D911B6955}.Debug|Any CPU.ActiveCfg = Debug|Any CPU
		{4B11EF7D-D3D0-40AA-9209-F73D911B6955}.Debug|Any CPU.Build.0 = Debug|Any CPU
		{4B11EF7D-D3D0-40AA-9209-F73D911B6955}.Release|Any CPU.ActiveCfg = Release|Any CPU
		{4B11EF7D-D3D0-40AA-9209-F73D911B6955}.Release|Any CPU.Build.0 = Release|Any CPU
		{EA4FBF8D-903C-417B-9E3B-A120D369EFB4}.Debug|Any CPU.ActiveCfg = Debug|Any CPU
		{EA4FBF8D-903C-417B-9E3B-A120D369EFB4}.Debug|Any CPU.Build.0 = Debug|Any CPU
		{EA4FBF8D-903C-417B-9E3B-A120D369EFB4}.Release|Any CPU.ActiveCfg = Release|Any CPU
		{EA4FBF8D-903C-417B-9E3B-A120D369EFB4}.Release|Any CPU.Build.0 = Release|Any CPU
		{F1BBDF3B-60E6-4EAC-8FA2-3EE0AEEAF726}.Debug|Any CPU.ActiveCfg = Debug|Any CPU
		{F1BBDF3B-60E6-4EAC-8FA2-3EE0AEEAF726}.Debug|Any CPU.Build.0 = Debug|Any CPU
		{F1BBDF3B-60E6-4EAC-8FA2-3EE0AEEAF726}.Release|Any CPU.ActiveCfg = Release|Any CPU
		{F1BBDF3B-60E6-4EAC-8FA2-3EE0AEEAF726}.Release|Any CPU.Build.0 = Release|Any CPU
		{FFFAE21F-3C81-48A7-9ADE-A6511139851D}.Debug|Any CPU.ActiveCfg = Debug|Any CPU
		{FFFAE21F-3C81-48A7-9ADE-A6511139851D}.Debug|Any CPU.Build.0 = Debug|Any CPU
		{FFFAE21F-3C81-48A7-9ADE-A6511139851D}.Release|Any CPU.ActiveCfg = Release|Any CPU
		{FFFAE21F-3C81-48A7-9ADE-A6511139851D}.Release|Any CPU.Build.0 = Release|Any CPU
		{1CFE70CC-F592-4539-878D-F4A900E35D82}.Debug|Any CPU.ActiveCfg = Debug|Any CPU
		{1CFE70CC-F592-4539-878D-F4A900E35D82}.Debug|Any CPU.Build.0 = Debug|Any CPU
		{1CFE70CC-F592-4539-878D-F4A900E35D82}.Release|Any CPU.ActiveCfg = Release|Any CPU
		{1CFE70CC-F592-4539-878D-F4A900E35D82}.Release|Any CPU.Build.0 = Release|Any CPU
		{68C6F1D1-0809-44A5-8AF4-3B26B6B01FC5}.Debug|Any CPU.ActiveCfg = Debug|Any CPU
		{68C6F1D1-0809-44A5-8AF4-3B26B6B01FC5}.Debug|Any CPU.Build.0 = Debug|Any CPU
		{68C6F1D1-0809-44A5-8AF4-3B26B6B01FC5}.Release|Any CPU.ActiveCfg = Release|Any CPU
		{68C6F1D1-0809-44A5-8AF4-3B26B6B01FC5}.Release|Any CPU.Build.0 = Release|Any CPU
		{8937C549-021C-461F-AB72-2006FFFF45AB}.Debug|Any CPU.ActiveCfg = Debug|Any CPU
		{8937C549-021C-461F-AB72-2006FFFF45AB}.Debug|Any CPU.Build.0 = Debug|Any CPU
		{8937C549-021C-461F-AB72-2006FFFF45AB}.Release|Any CPU.ActiveCfg = Release|Any CPU
		{8937C549-021C-461F-AB72-2006FFFF45AB}.Release|Any CPU.Build.0 = Release|Any CPU
		{47FBEF91-A0A4-40DB-9091-F4ED0D07DE2C}.Debug|Any CPU.ActiveCfg = Debug|Any CPU
		{47FBEF91-A0A4-40DB-9091-F4ED0D07DE2C}.Debug|Any CPU.Build.0 = Debug|Any CPU
		{47FBEF91-A0A4-40DB-9091-F4ED0D07DE2C}.Release|Any CPU.ActiveCfg = Release|Any CPU
		{47FBEF91-A0A4-40DB-9091-F4ED0D07DE2C}.Release|Any CPU.Build.0 = Release|Any CPU
	EndGlobalSection
EndGlobal
